{
  "requires": true,
  "lockfileVersion": 1,
  "dependencies": {
    "wux-weapp": {
      "version": "3.5.0",
      "resolved": "https://registry.npmjs.org/wux-weapp/-/wux-weapp-3.5.0.tgz",
      "integrity": "sha512-WU3Q4JJeNdWvkofee018KUrT9FJNW0F0ElF6LGRGE5M9EBpNsAueDxvYojdKXzqA3DYYtiCBKewJ+JfzLYrxbQ=="
    },
    "wxapp-graphql": {
      "version": "0.0.4"
    }
  }
}
